// !$*UTF8*$!
{
	archiveVersion = 1;
	classes = {
	};
	objectVersion = 56;
	objects = {

/* Begin PBXBuildFile section */
		EC450FAA2AB4B3E600E01276 /* AppDelegate.swift in Sources */ = {isa = PBXBuildFile; fileRef = EC450FA92AB4B3E600E01276 /* AppDelegate.swift */; };
		EC450FAC2AB4B3E600E01276 /* SceneDelegate.swift in Sources */ = {isa = PBXBuildFile; fileRef = EC450FAB2AB4B3E600E01276 /* SceneDelegate.swift */; };
		EC450FAE2AB4B3E600E01276 /* ViewController.swift in Sources */ = {isa = PBXBuildFile; fileRef = EC450FAD2AB4B3E600E01276 /* ViewController.swift */; };
		EC450FB12AB4B3E600E01276 /* Main.storyboard in Resources */ = {isa = PBXBuildFile; fileRef = EC450FAF2AB4B3E600E01276 /* Main.storyboard */; };
		EC450FB32AB4B3E800E01276 /* Assets.xcassets in Resources */ = {isa = PBXBuildFile; fileRef = EC450FB22AB4B3E800E01276 /* Assets.xcassets */; };
		EC450FB62AB4B3E800E01276 /* LaunchScreen.storyboard in Resources */ = {isa = PBXBuildFile; fileRef = EC450FB42AB4B3E800E01276 /* LaunchScreen.storyboard */; };
		EC450FC12AB4B3E800E01276 /* ashadkhamovPW1Tests.swift in Sources */ = {isa = PBXBuildFile; fileRef = EC450FC02AB4B3E800E01276 /* ashadkhamovPW1Tests.swift */; };
		EC450FCB2AB4B3E800E01276 /* ashadkhamovPW1UITests.swift in Sources */ = {isa = PBXBuildFile; fileRef = EC450FCA2AB4B3E800E01276 /* ashadkhamovPW1UITests.swift */; };
		EC450FCD2AB4B3E800E01276 /* ashadkhamovPW1UITestsLaunchTests.swift in Sources */ = {isa = PBXBuildFile; fileRef = EC450FCC2AB4B3E800E01276 /* ashadkhamovPW1UITestsLaunchTests.swift */; };
/* End PBXBuildFile section */

/* Begin PBXContainerItemProxy section */
		EC450FBD2AB4B3E800E01276 /* PBXContainerItemProxy */ = {
			isa = PBXContainerItemProxy;
			containerPortal = EC450F9E2AB4B3E600E01276 /* Project object */;
			proxyType = 1;
			remoteGlobalIDString = EC450FA52AB4B3E600E01276;
			remoteInfo = ashadkhamovPW1;
		};
		EC450FC72AB4B3E800E01276 /* PBXContainerItemProxy */ = {
			isa = PBXContainerItemProxy;
			containerPortal = EC450F9E2AB4B3E600E01276 /* Project object */;
			proxyType = 1;
			remoteGlobalIDString = EC450FA52AB4B3E600E01276;
			remoteInfo = ashadkhamovPW1;
		};
/* End PBXContainerItemProxy section */

/* Begin PBXFileReference section */
		EC450FA62AB4B3E600E01276 /* ashadkhamovPW1.app */ = {isa = PBXFileReference; explicitFileType = wrapper.application; includeInIndex = 0; path = ashadkhamovPW1.app; sourceTree = BUILT_PRODUCTS_DIR; };
		EC450FA92AB4B3E600E01276 /* AppDelegate.swift */ = {isa = PBXFileReference; lastKnownFileType = sourcecode.swift; path = AppDelegate.swift; sourceTree = "<group>"; };
		EC450FAB2AB4B3E600E01276 /* SceneDelegate.swift */ = {isa = PBXFileReference; lastKnownFileType = sourcecode.swift; path = SceneDelegate.swift; sourceTree = "<group>"; };
		EC450FAD2AB4B3E600E01276 /* ViewController.swift */ = {isa = PBXFileReference; lastKnownFileType = sourcecode.swift; path = ViewController.swift; sourceTree = "<group>"; };
		EC450FB02AB4B3E600E01276 /* Base */ = {isa = PBXFileReference; lastKnownFileType = file.storyboard; name = Base; path = Base.lproj/Main.storyboard; sourceTree = "<group>"; };
		EC450FB22AB4B3E800E01276 /* Assets.xcassets */ = {isa = PBXFileReference; lastKnownFileType = folder.assetcatalog; path = Assets.xcassets; sourceTree = "<group>"; };
		EC450FB52AB4B3E800E01276 /* Base */ = {isa = PBXFileReference; lastKnownFileType = file.storyboard; name = Base; path = Base.lproj/LaunchScreen.storyboard; sourceTree = "<group>"; };
		EC450FB72AB4B3E800E01276 /* Info.plist */ = {isa = PBXFileReference; lastKnownFileType = text.plist.xml; path = Info.plist; sourceTree = "<group>"; };
		EC450FBC2AB4B3E800E01276 /* ashadkhamovPW1Tests.xctest */ = {isa = PBXFileReference; explicitFileType = wrapper.cfbundle; includeInIndex = 0; path = ashadkhamovPW1Tests.xctest; sourceTree = BUILT_PRODUCTS_DIR; };
		EC450FC02AB4B3E800E01276 /* ashadkhamovPW1Tests.swift */ = {isa = PBXFileReference; lastKnownFileType = sourcecode.swift; path = ashadkhamovPW1Tests.swift; sourceTree = "<group>"; };
		EC450FC62AB4B3E800E01276 /* ashadkhamovPW1UITests.xctest */ = {isa = PBXFileReference; explicitFileType = wrapper.cfbundle; includeInIndex = 0; path = ashadkhamovPW1UITests.xctest; sourceTree = BUILT_PRODUCTS_DIR; };
		EC450FCA2AB4B3E800E01276 /* ashadkhamovPW1UITests.swift */ = {isa = PBXFileReference; lastKnownFileType = sourcecode.swift; path = ashadkhamovPW1UITests.swift; sourceTree = "<group>"; };
		EC450FCC2AB4B3E800E01276 /* ashadkhamovPW1UITestsLaunchTests.swift */ = {isa = PBXFileReference; lastKnownFileType = sourcecode.swift; path = ashadkhamovPW1UITestsLaunchTests.swift; sourceTree = "<group>"; };
/* End PBXFileReference section */

/* Begin PBXFrameworksBuildPhase section */
		EC450FA32AB4B3E600E01276 /* Frameworks */ = {
			isa = PBXFrameworksBuildPhase;
			buildActionMask = 2147483647;
			files = (
			);
			runOnlyForDeploymentPostprocessing = 0;
		};
		EC450FB92AB4B3E800E01276 /* Frameworks */ = {
			isa = PBXFrameworksBuildPhase;
			buildActionMask = 2147483647;
			files = (
			);
			runOnlyForDeploymentPostprocessing = 0;
		};
		EC450FC32AB4B3E800E01276 /* Frameworks */ = {
			isa = PBXFrameworksBuildPhase;
			buildActionMask = 2147483647;
			files = (
			);
			runOnlyForDeploymentPostprocessing = 0;
		};
/* End PBXFrameworksBuildPhase section */

/* Begin PBXGroup section */
		EC450F9D2AB4B3E600E01276 = {
			isa = PBXGroup;
			children = (
				EC450FA82AB4B3E600E01276 /* ashadkhamovPW1 */,
				EC450FBF2AB4B3E800E01276 /* ashadkhamovPW1Tests */,
				EC450FC92AB4B3E800E01276 /* ashadkhamovPW1UITests */,
				EC450FA72AB4B3E600E01276 /* Products */,
			);
			sourceTree = "<group>";
		};
		EC450FA72AB4B3E600E01276 /* Products */ = {
			isa = PBXGroup;
			children = (
				EC450FA62AB4B3E600E01276 /* ashadkhamovPW1.app */,
				EC450FBC2AB4B3E800E01276 /* ashadkhamovPW1Tests.xctest */,
				EC450FC62AB4B3E800E01276 /* ashadkhamovPW1UITests.xctest */,
			);
			name = Products;
			sourceTree = "<group>";
		};
		EC450FA82AB4B3E600E01276 /* ashadkhamovPW1 */ = {
			isa = PBXGroup;
			children = (
				EC450FA92AB4B3E600E01276 /* AppDelegate.swift */,
				EC450FAB2AB4B3E600E01276 /* SceneDelegate.swift */,
				EC450FAD2AB4B3E600E01276 /* ViewController.swift */,
				EC450FAF2AB4B3E600E01276 /* Main.storyboard */,
				EC450FB22AB4B3E800E01276 /* Assets.xcassets */,
				EC450FB42AB4B3E800E01276 /* LaunchScreen.storyboard */,
				EC450FB72AB4B3E800E01276 /* Info.plist */,
			);
			path = ashadkhamovPW1;
			sourceTree = "<group>";
		};
		EC450FBF2AB4B3E800E01276 /* ashadkhamovPW1Tests */ = {
			isa = PBXGroup;
			children = (
				EC450FC02AB4B3E800E01276 /* ashadkhamovPW1Tests.swift */,
			);
			path = ashadkhamovPW1Tests;
			sourceTree = "<group>";
		};
		EC450FC92AB4B3E800E01276 /* ashadkhamovPW1UITests */ = {
			isa = PBXGroup;
			children = (
				EC450FCA2AB4B3E800E01276 /* ashadkhamovPW1UITests.swift */,
				EC450FCC2AB4B3E800E01276 /* ashadkhamovPW1UITestsLaunchTests.swift */,
			);
			path = ashadkhamovPW1UITests;
			sourceTree = "<group>";
		};
/* End PBXGroup section */

/* Begin PBXNativeTarget section */
		EC450FA52AB4B3E600E01276 /* ashadkhamovPW1 */ = {
			isa = PBXNativeTarget;
			buildConfigurationList = EC450FD02AB4B3E800E01276 /* Build configuration list for PBXNativeTarget "ashadkhamovPW1" */;
			buildPhases = (
				EC450FA22AB4B3E600E01276 /* Sources */,
				EC450FA32AB4B3E600E01276 /* Frameworks */,
				EC450FA42AB4B3E600E01276 /* Resources */,
			);
			buildRules = (
			);
			dependencies = (
			);
			name = ashadkhamovPW1;
			productName = ashadkhamovPW1;
			productReference = EC450FA62AB4B3E600E01276 /* ashadkhamovPW1.app */;
			productType = "com.apple.product-type.application";
		};
		EC450FBB2AB4B3E800E01276 /* ashadkhamovPW1Tests */ = {
			isa = PBXNativeTarget;
			buildConfigurationList = EC450FD32AB4B3E800E01276 /* Build configuration list for PBXNativeTarget "ashadkhamovPW1Tests" */;
			buildPhases = (
				EC450FB82AB4B3E800E01276 /* Sources */,
				EC450FB92AB4B3E800E01276 /* Frameworks */,
				EC450FBA2AB4B3E800E01276 /* Resources */,
			);
			buildRules = (
			);
			dependencies = (
				EC450FBE2AB4B3E800E01276 /* PBXTargetDependency */,
			);
			name = ashadkhamovPW1Tests;
			productName = ashadkhamovPW1Tests;
			productReference = EC450FBC2AB4B3E800E01276 /* ashadkhamovPW1Tests.xctest */;
			productType = "com.apple.product-type.bundle.unit-test";
		};
		EC450FC52AB4B3E800E01276 /* ashadkhamovPW1UITests */ = {
			isa = PBXNativeTarget;
			buildConfigurationList = EC450FD62AB4B3E800E01276 /* Build configuration list for PBXNativeTarget "ashadkhamovPW1UITests" */;
			buildPhases = (
				EC450FC22AB4B3E800E01276 /* Sources */,
				EC450FC32AB4B3E800E01276 /* Frameworks */,
				EC450FC42AB4B3E800E01276 /* Resources */,
			);
			buildRules = (
			);
			dependencies = (
				EC450FC82AB4B3E800E01276 /* PBXTargetDependency */,
			);
			name = ashadkhamovPW1UITests;
			productName = ashadkhamovPW1UITests;
			productReference = EC450FC62AB4B3E800E01276 /* ashadkhamovPW1UITests.xctest */;
			productType = "com.apple.product-type.bundle.ui-testing";
		};
/* End PBXNativeTarget section */

/* Begin PBXProject section */
		EC450F9E2AB4B3E600E01276 /* Project object */ = {
			isa = PBXProject;
			attributes = {
				BuildIndependentTargetsInParallel = 1;
				LastSwiftUpdateCheck = 1430;
				LastUpgradeCheck = 1430;
				TargetAttributes = {
					EC450FA52AB4B3E600E01276 = {
						CreatedOnToolsVersion = 14.3.1;
					};
					EC450FBB2AB4B3E800E01276 = {
						CreatedOnToolsVersion = 14.3.1;
						TestTargetID = EC450FA52AB4B3E600E01276;
					};
					EC450FC52AB4B3E800E01276 = {
						CreatedOnToolsVersion = 14.3.1;
						TestTargetID = EC450FA52AB4B3E600E01276;
					};
				};
			};
			buildConfigurationList = EC450FA12AB4B3E600E01276 /* Build configuration list for PBXProject "ashadkhamovPW1" */;
			compatibilityVersion = "Xcode 14.0";
			developmentRegion = en;
			hasScannedForEncodings = 0;
			knownRegions = (
				en,
				Base,
			);
			mainGroup = EC450F9D2AB4B3E600E01276;
			productRefGroup = EC450FA72AB4B3E600E01276 /* Products */;
			projectDirPath = "";
			projectRoot = "";
			targets = (
				EC450FA52AB4B3E600E01276 /* ashadkhamovPW1 */,
				EC450FBB2AB4B3E800E01276 /* ashadkhamovPW1Tests */,
				EC450FC52AB4B3E800E01276 /* ashadkhamovPW1UITests */,
			);
		};
/* End PBXProject section */

/* Begin PBXResourcesBuildPhase section */
		EC450FA42AB4B3E600E01276 /* Resources */ = {
			isa = PBXResourcesBuildPhase;
			buildActionMask = 2147483647;
			files = (
				EC450FB62AB4B3E800E01276 /* LaunchScreen.storyboard in Resources */,
				EC450FB32AB4B3E800E01276 /* Assets.xcassets in Resources */,
				EC450FB12AB4B3E600E01276 /* Main.storyboard in Resources */,
			);
			runOnlyForDeploymentPostprocessing = 0;
		};
		EC450FBA2AB4B3E800E01276 /* Resources */ = {
			isa = PBXResourcesBuildPhase;
			buildActionMask = 2147483647;
			files = (
			);
			runOnlyForDeploymentPostprocessing = 0;
		};
		EC450FC42AB4B3E800E01276 /* Resources */ = {
			isa = PBXResourcesBuildPhase;
			buildActionMask = 2147483647;
			files = (
			);
			runOnlyForDeploymentPostprocessing = 0;
		};
/* End PBXResourcesBuildPhase section */

/* Begin PBXSourcesBuildPhase section */
		EC450FA22AB4B3E600E01276 /* Sources */ = {
			isa = PBXSourcesBuildPhase;
			buildActionMask = 2147483647;
			files = (
				EC450FAE2AB4B3E600E01276 /* ViewController.swift in Sources */,
				EC450FAA2AB4B3E600E01276 /* AppDelegate.swift in Sources */,
				EC450FAC2AB4B3E600E01276 /* SceneDelegate.swift in Sources */,
			);
			runOnlyForDeploymentPostprocessing = 0;
		};
		EC450FB82AB4B3E800E01276 /* Sources */ = {
			isa = PBXSourcesBuildPhase;
			buildActionMask = 2147483647;
			files = (
				EC450FC12AB4B3E800E01276 /* ashadkhamovPW1Tests.swift in Sources */,
			);
			runOnlyForDeploymentPostprocessing = 0;
		};
		EC450FC22AB4B3E800E01276 /* Sources */ = {
			isa = PBXSourcesBuildPhase;
			buildActionMask = 2147483647;
			files = (
				EC450FCB2AB4B3E800E01276 /* ashadkhamovPW1UITests.swift in Sources */,
				EC450FCD2AB4B3E800E01276 /* ashadkhamovPW1UITestsLaunchTests.swift in Sources */,
			);
			runOnlyForDeploymentPostprocessing = 0;
		};
/* End PBXSourcesBuildPhase section */

/* Begin PBXTargetDependency section */
		EC450FBE2AB4B3E800E01276 /* PBXTargetDependency */ = {
			isa = PBXTargetDependency;
			target = EC450FA52AB4B3E600E01276 /* ashadkhamovPW1 */;
			targetProxy = EC450FBD2AB4B3E800E01276 /* PBXContainerItemProxy */;
		};
		EC450FC82AB4B3E800E01276 /* PBXTargetDependency */ = {
			isa = PBXTargetDependency;
			target = EC450FA52AB4B3E600E01276 /* ashadkhamovPW1 */;
			targetProxy = EC450FC72AB4B3E800E01276 /* PBXContainerItemProxy */;
		};
/* End PBXTargetDependency section */

/* Begin PBXVariantGroup section */
		EC450FAF2AB4B3E600E01276 /* Main.storyboard */ = {
			isa = PBXVariantGroup;
			children = (
				EC450FB02AB4B3E600E01276 /* Base */,
			);
			name = Main.storyboard;
			sourceTree = "<group>";
		};
		EC450FB42AB4B3E800E01276 /* LaunchScreen.storyboard */ = {
			isa = PBXVariantGroup;
			children = (
				EC450FB52AB4B3E800E01276 /* Base */,
			);
			name = LaunchScreen.storyboard;
			sourceTree = "<group>";
		};
/* End PBXVariantGroup section */

/* Begin XCBuildConfiguration section */
		EC450FCE2AB4B3E800E01276 /* Debug */ = {
			isa = XCBuildConfiguration;
			buildSettings = {
				ALWAYS_SEARCH_USER_PATHS = NO;
				CLANG_ANALYZER_NONNULL = YES;
				CLANG_ANALYZER_NUMBER_OBJECT_CONVERSION = YES_AGGRESSIVE;
				CLANG_CXX_LANGUAGE_STANDARD = "gnu++20";
				CLANG_ENABLE_MODULES = YES;
				CLANG_ENABLE_OBJC_ARC = YES;
				CLANG_ENABLE_OBJC_WEAK = YES;
				CLANG_WARN_BLOCK_CAPTURE_AUTORELEASING = YES;
				CLANG_WARN_BOOL_CONVERSION = YES;
				CLANG_WARN_COMMA = YES;
				CLANG_WARN_CONSTANT_CONVERSION = YES;
				CLANG_WARN_DEPRECATED_OBJC_IMPLEMENTATIONS = YES;
				CLANG_WARN_DIRECT_OBJC_ISA_USAGE = YES_ERROR;
				CLANG_WARN_DOCUMENTATION_COMMENTS = YES;
				CLANG_WARN_EMPTY_BODY = YES;
				CLANG_WARN_ENUM_CONVERSION = YES;
				CLANG_WARN_INFINITE_RECURSION = YES;
				CLANG_WARN_INT_CONVERSION = YES;
				CLANG_WARN_NON_LITERAL_NULL_CONVERSION = YES;
				CLANG_WARN_OBJC_IMPLICIT_RETAIN_SELF = YES;
				CLANG_WARN_OBJC_LITERAL_CONVERSION = YES;
				CLANG_WARN_OBJC_ROOT_CLASS = YES_ERROR;
				CLANG_WARN_QUOTED_INCLUDE_IN_FRAMEWORK_HEADER = YES;
				CLANG_WARN_RANGE_LOOP_ANALYSIS = YES;
				CLANG_WARN_STRICT_PROTOTYPES = YES;
				CLANG_WARN_SUSPICIOUS_MOVE = YES;
				CLANG_WARN_UNGUARDED_AVAILABILITY = YES_AGGRESSIVE;
				CLANG_WARN_UNREACHABLE_CODE = YES;
				CLANG_WARN__DUPLICATE_METHOD_MATCH = YES;
				COPY_PHASE_STRIP = NO;
				DEBUG_INFORMATION_FORMAT = dwarf;
				ENABLE_STRICT_OBJC_MSGSEND = YES;
				ENABLE_TESTABILITY = YES;
				GCC_C_LANGUAGE_STANDARD = gnu11;
				GCC_DYNAMIC_NO_PIC = NO;
				GCC_NO_COMMON_BLOCKS = YES;
				GCC_OPTIMIZATION_LEVEL = 0;
				GCC_PREPROCESSOR_DEFINITIONS = (
					"DEBUG=1",
					"$(inherited)",
				);
				GCC_WARN_64_TO_32_BIT_CONVERSION = YES;
				GCC_WARN_ABOUT_RETURN_TYPE = YES_ERROR;
				GCC_WARN_UNDECLARED_SELECTOR = YES;
				GCC_WARN_UNINITIALIZED_AUTOS = YES_AGGRESSIVE;
				GCC_WARN_UNUSED_FUNCTION = YES;
				GCC_WARN_UNUSED_VARIABLE = YES;
				IPHONEOS_DEPLOYMENT_TARGET = 16.4;
				MTL_ENABLE_DEBUG_INFO = INCLUDE_SOURCE;
				MTL_FAST_MATH = YES;
				ONLY_ACTIVE_ARCH = YES;
				SDKROOT = iphoneos;
				SWIFT_ACTIVE_COMPILATION_CONDITIONS = DEBUG;
				SWIFT_OPTIMIZATION_LEVEL = "-Onone";
			};
			name = Debug;
		};
		EC450FCF2AB4B3E800E01276 /* Release */ = {
			isa = XCBuildConfiguration;
			buildSettings = {
				ALWAYS_SEARCH_USER_PATHS = NO;
				CLANG_ANALYZER_NONNULL = YES;
				CLANG_ANALYZER_NUMBER_OBJECT_CONVERSION = YES_AGGRESSIVE;
				CLANG_CXX_LANGUAGE_STANDARD = "gnu++20";
				CLANG_ENABLE_MODULES = YES;
				CLANG_ENABLE_OBJC_ARC = YES;
				CLANG_ENABLE_OBJC_WEAK = YES;
				CLANG_WARN_BLOCK_CAPTURE_AUTORELEASING = YES;
				CLANG_WARN_BOOL_CONVERSION = YES;
				CLANG_WARN_COMMA = YES;
				CLANG_WARN_CONSTANT_CONVERSION = YES;
				CLANG_WARN_DEPRECATED_OBJC_IMPLEMENTATIONS = YES;
				CLANG_WARN_DIRECT_OBJC_ISA_USAGE = YES_ERROR;
				CLANG_WARN_DOCUMENTATION_COMMENTS = YES;
				CLANG_WARN_EMPTY_BODY = YES;
				CLANG_WARN_ENUM_CONVERSION = YES;
				CLANG_WARN_INFINITE_RECURSION = YES;
				CLANG_WARN_INT_CONVERSION = YES;
				CLANG_WARN_NON_LITERAL_NULL_CONVERSION = YES;
				CLANG_WARN_OBJC_IMPLICIT_RETAIN_SELF = YES;
				CLANG_WARN_OBJC_LITERAL_CONVERSION = YES;
				CLANG_WARN_OBJC_ROOT_CLASS = YES_ERROR;
				CLANG_WARN_QUOTED_INCLUDE_IN_FRAMEWORK_HEADER = YES;
				CLANG_WARN_RANGE_LOOP_ANALYSIS = YES;
				CLANG_WARN_STRICT_PROTOTYPES = YES;
				CLANG_WARN_SUSPICIOUS_MOVE = YES;
				CLANG_WARN_UNGUARDED_AVAILABILITY = YES_AGGRESSIVE;
				CLANG_WARN_UNREACHABLE_CODE = YES;
				CLANG_WARN__DUPLICATE_METHOD_MATCH = YES;
				COPY_PHASE_STRIP = NO;
				DEBUG_INFORMATION_FORMAT = "dwarf-with-dsym";
				ENABLE_NS_ASSERTIONS = NO;
				ENABLE_STRICT_OBJC_MSGSEND = YES;
				GCC_C_LANGUAGE_STANDARD = gnu11;
				GCC_NO_COMMON_BLOCKS = YES;
				GCC_WARN_64_TO_32_BIT_CONVERSION = YES;
				GCC_WARN_ABOUT_RETURN_TYPE = YES_ERROR;
				GCC_WARN_UNDECLARED_SELECTOR = YES;
				GCC_WARN_UNINITIALIZED_AUTOS = YES_AGGRESSIVE;
				GCC_WARN_UNUSED_FUNCTION = YES;
				GCC_WARN_UNUSED_VARIABLE = YES;
				IPHONEOS_DEPLOYMENT_TARGET = 16.4;
				MTL_ENABLE_DEBUG_INFO = NO;
				MTL_FAST_MATH = YES;
				SDKROOT = iphoneos;
				SWIFT_COMPILATION_MODE = wholemodule;
				SWIFT_OPTIMIZATION_LEVEL = "-O";
				VALIDATE_PRODUCT = YES;
			};
			name = Release;
		};
		EC450FD12AB4B3E800E01276 /* Debug */ = {
			isa = XCBuildConfiguration;
			buildSettings = {
				ASSETCATALOG_COMPILER_APPICON_NAME = AppIcon;
				ASSETCATALOG_COMPILER_GLOBAL_ACCENT_COLOR_NAME = AccentColor;
				CODE_SIGN_STYLE = Automatic;
				CURRENT_PROJECT_VERSION = 1;
				GENERATE_INFOPLIST_FILE = YES;
				INFOPLIST_FILE = ashadkhamovPW1/Info.plist;
				INFOPLIST_KEY_UIApplicationSupportsIndirectInputEvents = YES;
				INFOPLIST_KEY_UILaunchStoryboardName = LaunchScreen;
				INFOPLIST_KEY_UIMainStoryboardFile = Main;
				INFOPLIST_KEY_UISupportedInterfaceOrientations_iPad = "UIInterfaceOrientationPortrait UIInterfaceOrientationPortraitUpsideDown UIInterfaceOrientationLandscapeLeft UIInterfaceOrientationLandscapeRight";
				INFOPLIST_KEY_UISupportedInterfaceOrientations_iPhone = "UIInterfaceOrientationPortrait UIInterfaceOrientationLandscapeLeft UIInterfaceOrientationLandscapeRight";
				LD_RUNPATH_SEARCH_PATHS = (
					"$(inherited)",
					"@executable_path/Frameworks",
				);
				MARKETING_VERSION = 1.0;
				PRODUCT_BUNDLE_IDENTIFIER = ali.ashadkhamovPW1;
				PRODUCT_NAME = "$(TARGET_NAME)";
				SWIFT_EMIT_LOC_STRINGS = YES;
				SWIFT_VERSION = 5.0;
				TARGETED_DEVICE_FAMILY = "1,2";
			};
			name = Debug;
		};
		EC450FD22AB4B3E800E01276 /* Release */ = {
			isa = XCBuildConfiguration;
			buildSettings = {
				ASSETCATALOG_COMPILER_APPICON_NAME = AppIcon;
				ASSETCATALOG_COMPILER_GLOBAL_ACCENT_COLOR_NAME = AccentColor;
				CODE_SIGN_STYLE = Automatic;
				CURRENT_PROJECT_VERSION = 1;
				GENERATE_INFOPLIST_FILE = YES;
				INFOPLIST_FILE = ashadkhamovPW1/Info.plist;
				INFOPLIST_KEY_UIApplicationSupportsIndirectInputEvents = YES;
				INFOPLIST_KEY_UILaunchStoryboardName = LaunchScreen;
				INFOPLIST_KEY_UIMainStoryboardFile = Main;
				INFOPLIST_KEY_UISupportedInterfaceOrientations_iPad = "UIInterfaceOrientationPortrait UIInterfaceOrientationPortraitUpsideDown UIInterfaceOrientationLandscapeLeft UIInterfaceOrientationLandscapeRight";
				INFOPLIST_KEY_UISupportedInterfaceOrientations_iPhone = "UIInterfaceOrientationPortrait UIInterfaceOrientationLandscapeLeft UIInterfaceOrientationLandscapeRight";
				LD_RUNPATH_SEARCH_PATHS = (
					"$(inherited)",
					"@executable_path/Frameworks",
				);
				MARKETING_VERSION = 1.0;
				PRODUCT_BUNDLE_IDENTIFIER = ali.ashadkhamovPW1;
				PRODUCT_NAME = "$(TARGET_NAME)";
				SWIFT_EMIT_LOC_STRINGS = YES;
				SWIFT_VERSION = 5.0;
				TARGETED_DEVICE_FAMILY = "1,2";
			};
			name = Release;
		};
		EC450FD42AB4B3E800E01276 /* Debug */ = {
			isa = XCBuildConfiguration;
			buildSettings = {
				ALWAYS_EMBED_SWIFT_STANDARD_LIBRARIES = YES;
				BUNDLE_LOADER = "$(TEST_HOST)";
				CODE_SIGN_STYLE = Automatic;
				CURRENT_PROJECT_VERSION = 1;
				GENERATE_INFOPLIST_FILE = YES;
				IPHONEOS_DEPLOYMENT_TARGET = 16.4;
				MARKETING_VERSION = 1.0;
				PRODUCT_BUNDLE_IDENTIFIER = ali.ashadkhamovPW1Tests;
				PRODUCT_NAME = "$(TARGET_NAME)";
				SWIFT_EMIT_LOC_STRINGS = NO;
				SWIFT_VERSION = 5.0;
				TARGETED_DEVICE_FAMILY = "1,2";
				TEST_HOST = "$(BUILT_PRODUCTS_DIR)/ashadkhamovPW1.app/$(BUNDLE_EXECUTABLE_FOLDER_PATH)/ashadkhamovPW1";
			};
			name = Debug;
		};
		EC450FD52AB4B3E800E01276 /* Release */ = {
			isa = XCBuildConfiguration;
			buildSettings = {
				ALWAYS_EMBED_SWIFT_STANDARD_LIBRARIES = YES;
				BUNDLE_LOADER = "$(TEST_HOST)";
				CODE_SIGN_STYLE = Automatic;
				CURRENT_PROJECT_VERSION = 1;
				GENERATE_INFOPLIST_FILE = YES;
				IPHONEOS_DEPLOYMENT_TARGET = 16.4;
				MARKETING_VERSION = 1.0;
				PRODUCT_BUNDLE_IDENTIFIER = ali.ashadkhamovPW1Tests;
				PRODUCT_NAME = "$(TARGET_NAME)";
				SWIFT_EMIT_LOC_STRINGS = NO;
				SWIFT_VERSION = 5.0;
				TARGETED_DEVICE_FAMILY = "1,2";
				TEST_HOST = "$(BUILT_PRODUCTS_DIR)/ashadkhamovPW1.app/$(BUNDLE_EXECUTABLE_FOLDER_PATH)/ashadkhamovPW1";
			};
			name = Release;
		};
		EC450FD72AB4B3E800E01276 /* Debug */ = {
			isa = XCBuildConfiguration;
			buildSettings = {
				ALWAYS_EMBED_SWIFT_STANDARD_LIBRARIES = YES;
				CODE_SIGN_STYLE = Automatic;
				CURRENT_PROJECT_VERSION = 1;
				GENERATE_INFOPLIST_FILE = YES;
				MARKETING_VERSION = 1.0;
				PRODUCT_BUNDLE_IDENTIFIER = ali.ashadkhamovPW1UITests;
				PRODUCT_NAME = "$(TARGET_NAME)";
				SWIFT_EMIT_LOC_STRINGS = NO;
				SWIFT_VERSION = 5.0;
				TARGETED_DEVICE_FAMILY = "1,2";
				TEST_TARGET_NAME = ashadkhamovPW1;
			};
			name = Debug;
		};
		EC450FD82AB4B3E800E01276 /* Release */ = {
			isa = XCBuildConfiguration;
			buildSettings = {
				ALWAYS_EMBED_SWIFT_STANDARD_LIBRARIES = YES;
				CODE_SIGN_STYLE = Automatic;
				CURRENT_PROJECT_VERSION = 1;
				GENERATE_INFOPLIST_FILE = YES;
				MARKETING_VERSION = 1.0;
				PRODUCT_BUNDLE_IDENTIFIER = ali.ashadkhamovPW1UITests;
				PRODUCT_NAME = "$(TARGET_NAME)";
				SWIFT_EMIT_LOC_STRINGS = NO;
				SWIFT_VERSION = 5.0;
				TARGETED_DEVICE_FAMILY = "1,2";
				TEST_TARGET_NAME = ashadkhamovPW1;
			};
			name = Release;
		};
/* End XCBuildConfiguration section */

/* Begin XCConfigurationList section */
		EC450FA12AB4B3E600E01276 /* Build configuration list for PBXProject "ashadkhamovPW1" */ = {
			isa = XCConfigurationList;
			buildConfigurations = (
				EC450FCE2AB4B3E800E01276 /* Debug */,
				EC450FCF2AB4B3E800E01276 /* Release */,
			);
			defaultConfigurationIsVisible = 0;
			defaultConfigurationName = Release;
		};
		EC450FD02AB4B3E800E01276 /* Build configuration list for PBXNativeTarget "ashadkhamovPW1" */ = {
			isa = XCConfigurationList;
			buildConfigurations = (
				EC450FD12AB4B3E800E01276 /* Debug */,
				EC450FD22AB4B3E800E01276 /* Release */,
			);
			defaultConfigurationIsVisible = 0;
			defaultConfigurationName = Release;
		};
		EC450FD32AB4B3E800E01276 /* Build configuration list for PBXNativeTarget "ashadkhamovPW1Tests" */ = {
			isa = XCConfigurationList;
			buildConfigurations = (
				EC450FD42AB4B3E800E01276 /* Debug */,
				EC450FD52AB4B3E800E01276 /* Release */,
			);
			defaultConfigurationIsVisible = 0;
			defaultConfigurationName = Release;
		};
		EC450FD62AB4B3E800E01276 /* Build configuration list for PBXNativeTarget "ashadkhamovPW1UITests" */ = {
			isa = XCConfigurationList;
			buildConfigurations = (
				EC450FD72AB4B3E800E01276 /* Debug */,
				EC450FD82AB4B3E800E01276 /* Release */,
			);
			defaultConfigurationIsVisible = 0;
			defaultConfigurationName = Release;
		};
/* End XCConfigurationList section */
	};
	rootObject = EC450F9E2AB4B3E600E01276 /* Project object */;
}
